// !$*UTF8*$!
{
	archiveVersion = 1;
	classes = {
	};
	objectVersion = 46;
	objects = {

/* Begin PBXBuildFile section */
		17D4C4201F4703B1002EF805 /* thenTvOS.h in Headers */ = {isa = PBXBuildFile; fileRef = 17D4C41E1F4703B1002EF805 /* thenTvOS.h */; settings = {ATTRIBUTES = (Public, ); }; };
		9907A5E11E76EBBD00826BBE /* ChainTests.swift in Sources */ = {isa = PBXBuildFile; fileRef = 9907A5E01E76EBBD00826BBE /* ChainTests.swift */; };
		9907A5ED1E76FD5800826BBE /* AsyncAwaitTests.swift in Sources */ = {isa = PBXBuildFile; fileRef = 9907A5EC1E76FD5800826BBE /* AsyncAwaitTests.swift */; };
		991E11511E600D3900448085 /* BridgeErrorTests.swift in Sources */ = {isa = PBXBuildFile; fileRef = 991E11501E600D3900448085 /* BridgeErrorTests.swift */; };
		991E11551E6016A000448085 /* NoMatterWhatTests.swift in Sources */ = {isa = PBXBuildFile; fileRef = 991E11541E6016A000448085 /* NoMatterWhatTests.swift */; };
		991E16C11F3AFEF700BC997F /* MemoryTests.swift in Sources */ = {isa = PBXBuildFile; fileRef = 991E16C01F3AFEF700BC997F /* MemoryTests.swift */; };
		991E16C51F3B486900BC997F /* DelayTests.swift in Sources */ = {isa = PBXBuildFile; fileRef = 991E16C41F3B486900BC997F /* DelayTests.swift */; };
		991E16C91F3C45F000BC997F /* ZipTests.swift in Sources */ = {isa = PBXBuildFile; fileRef = 991E16C81F3C45F000BC997F /* ZipTests.swift */; };
		991E16CD1F3C51C500BC997F /* TimeoutTests.swift in Sources */ = {isa = PBXBuildFile; fileRef = 991E16CC1F3C51C500BC997F /* TimeoutTests.swift */; };
		99329EB81FA7259D0020347F /* PromiseState.swift in Sources */ = {isa = PBXBuildFile; fileRef = 9962ADCB1D58610E005769CD /* PromiseState.swift */; };
		99329EB91FA7259D0020347F /* VoidPromise.swift in Sources */ = {isa = PBXBuildFile; fileRef = 99ED26A41F7BB6C6007D9FBB /* VoidPromise.swift */; };
		99329EBA1FA7259D0020347F /* PromiseError.swift in Sources */ = {isa = PBXBuildFile; fileRef = 99E3CB061E5EA53900FEF11A /* PromiseError.swift */; };
		99329EBB1FA7259D0020347F /* Promise.swift in Sources */ = {isa = PBXBuildFile; fileRef = 99FC637D1C86085C008C1155 /* Promise.swift */; };
		99329EBC1FA7259D0020347F /* PromiseBlocks.swift in Sources */ = {isa = PBXBuildFile; fileRef = 99255A4C1DC119B500D9FC72 /* PromiseBlocks.swift */; };
		99329EBD1FA7259D0020347F /* Promise+Progress.swift in Sources */ = {isa = PBXBuildFile; fileRef = 99FA2C671E5B1C2F00CA3959 /* Promise+Progress.swift */; };
		99329EBE1FA7259D0020347F /* Promise+Then.swift in Sources */ = {isa = PBXBuildFile; fileRef = 99FA2C6F1E5B212900CA3959 /* Promise+Then.swift */; };
		99329EBF1FA7259D0020347F /* Promise+Error.swift in Sources */ = {isa = PBXBuildFile; fileRef = 99FA2C691E5B1F2B00CA3959 /* Promise+Error.swift */; };
		99329EC01FA7259D0020347F /* Promise+Finally.swift in Sources */ = {isa = PBXBuildFile; fileRef = 99FA2C631E5B022D00CA3959 /* Promise+Finally.swift */; };
		99329EC11FA7259D0020347F /* Promise+Aliases.swift in Sources */ = {isa = PBXBuildFile; fileRef = 99FA2C6B1E5B20BB00CA3959 /* Promise+Aliases.swift */; };
		99329EC21FA7259D0020347F /* Promise+Helpers.swift in Sources */ = {isa = PBXBuildFile; fileRef = 99FA2C6D1E5B20EA00CA3959 /* Promise+Helpers.swift */; };
		99329EC31FA7259D0020347F /* Promise+Retry.swift in Sources */ = {isa = PBXBuildFile; fileRef = 99B29F801E5D6E0F00CF8E98 /* Promise+Retry.swift */; };
		99329EC41FA7259D0020347F /* Promise+Race.swift in Sources */ = {isa = PBXBuildFile; fileRef = 99B29F7C1E5D687F00CF8E98 /* Promise+Race.swift */; };
		99329EC51FA7259D0020347F /* Promise+Validate.swift in Sources */ = {isa = PBXBuildFile; fileRef = 99B29F781E5D5F3400CF8E98 /* Promise+Validate.swift */; };
		99329EC61FA7259D0020347F /* Promise+Recover.swift in Sources */ = {isa = PBXBuildFile; fileRef = 99B29F721E5D58C600CF8E98 /* Promise+Recover.swift */; };
		99329EC71FA7259D0020347F /* Promise+BridgeError.swift in Sources */ = {isa = PBXBuildFile; fileRef = 991E114E1E600D0700448085 /* Promise+BridgeError.swift */; };
		99329EC81FA7259D0020347F /* Promise+Chain.swift in Sources */ = {isa = PBXBuildFile; fileRef = 9907A5DE1E76EBAE00826BBE /* Promise+Chain.swift */; };
		99329EC91FA7259D0020347F /* Promise+NoMatterWhat.swift in Sources */ = {isa = PBXBuildFile; fileRef = 991E11561E6016AD00448085 /* Promise+NoMatterWhat.swift */; };
		99329ECA1FA7259D0020347F /* Promise+Unwrap.swift in Sources */ = {isa = PBXBuildFile; fileRef = 998C51BF1E7DBB280088DEBC /* Promise+Unwrap.swift */; };
		99329ECB1FA7259D0020347F /* Promise+Delay.swift in Sources */ = {isa = PBXBuildFile; fileRef = 991E16C21F3B44F500BC997F /* Promise+Delay.swift */; };
		99329ECC1FA7259D0020347F /* Promise+Timeout.swift in Sources */ = {isa = PBXBuildFile; fileRef = 991E16CA1F3C4A8900BC997F /* Promise+Timeout.swift */; };
		99329ECD1FA7259D0020347F /* WhenAll.swift in Sources */ = {isa = PBXBuildFile; fileRef = 99AA1C701CB7DDF800ADA4C3 /* WhenAll.swift */; };
		99329ECE1FA7259D0020347F /* Promise+Zip.swift in Sources */ = {isa = PBXBuildFile; fileRef = 991E16C61F3C45A800BC997F /* Promise+Zip.swift */; };
		99329ECF1FA7259D0020347F /* Async.swift in Sources */ = {isa = PBXBuildFile; fileRef = 9907A5E41E76FC7C00826BBE /* Async.swift */; };
		99329ED01FA7259D0020347F /* Await.swift in Sources */ = {isa = PBXBuildFile; fileRef = 9907A5E61E76FC8200826BBE /* Await.swift */; };
		99329ED11FA725A80020347F /* PromiseState.swift in Sources */ = {isa = PBXBuildFile; fileRef = 9962ADCB1D58610E005769CD /* PromiseState.swift */; };
		99329ED21FA725A80020347F /* VoidPromise.swift in Sources */ = {isa = PBXBuildFile; fileRef = 99ED26A41F7BB6C6007D9FBB /* VoidPromise.swift */; };
		99329ED31FA725A80020347F /* PromiseError.swift in Sources */ = {isa = PBXBuildFile; fileRef = 99E3CB061E5EA53900FEF11A /* PromiseError.swift */; };
		99329ED41FA725A80020347F /* Promise.swift in Sources */ = {isa = PBXBuildFile; fileRef = 99FC637D1C86085C008C1155 /* Promise.swift */; };
		99329ED51FA725A80020347F /* PromiseBlocks.swift in Sources */ = {isa = PBXBuildFile; fileRef = 99255A4C1DC119B500D9FC72 /* PromiseBlocks.swift */; };
		99329ED61FA725A80020347F /* Promise+Progress.swift in Sources */ = {isa = PBXBuildFile; fileRef = 99FA2C671E5B1C2F00CA3959 /* Promise+Progress.swift */; };
		99329ED71FA725A80020347F /* Promise+Then.swift in Sources */ = {isa = PBXBuildFile; fileRef = 99FA2C6F1E5B212900CA3959 /* Promise+Then.swift */; };
		99329ED81FA725A80020347F /* Promise+Error.swift in Sources */ = {isa = PBXBuildFile; fileRef = 99FA2C691E5B1F2B00CA3959 /* Promise+Error.swift */; };
		99329ED91FA725A80020347F /* Promise+Finally.swift in Sources */ = {isa = PBXBuildFile; fileRef = 99FA2C631E5B022D00CA3959 /* Promise+Finally.swift */; };
		99329EDA1FA725A80020347F /* Promise+Aliases.swift in Sources */ = {isa = PBXBuildFile; fileRef = 99FA2C6B1E5B20BB00CA3959 /* Promise+Aliases.swift */; };
		99329EDB1FA725A80020347F /* Promise+Helpers.swift in Sources */ = {isa = PBXBuildFile; fileRef = 99FA2C6D1E5B20EA00CA3959 /* Promise+Helpers.swift */; };
		99329EDC1FA725A80020347F /* Promise+Retry.swift in Sources */ = {isa = PBXBuildFile; fileRef = 99B29F801E5D6E0F00CF8E98 /* Promise+Retry.swift */; };
		99329EDD1FA725A80020347F /* Promise+Race.swift in Sources */ = {isa = PBXBuildFile; fileRef = 99B29F7C1E5D687F00CF8E98 /* Promise+Race.swift */; };
		99329EDE1FA725A80020347F /* Promise+Validate.swift in Sources */ = {isa = PBXBuildFile; fileRef = 99B29F781E5D5F3400CF8E98 /* Promise+Validate.swift */; };
		99329EDF1FA725A80020347F /* Promise+Recover.swift in Sources */ = {isa = PBXBuildFile; fileRef = 99B29F721E5D58C600CF8E98 /* Promise+Recover.swift */; };
		99329EE01FA725A80020347F /* Promise+BridgeError.swift in Sources */ = {isa = PBXBuildFile; fileRef = 991E114E1E600D0700448085 /* Promise+BridgeError.swift */; };
		99329EE11FA725A80020347F /* Promise+Chain.swift in Sources */ = {isa = PBXBuildFile; fileRef = 9907A5DE1E76EBAE00826BBE /* Promise+Chain.swift */; };
		99329EE21FA725A80020347F /* Promise+NoMatterWhat.swift in Sources */ = {isa = PBXBuildFile; fileRef = 991E11561E6016AD00448085 /* Promise+NoMatterWhat.swift */; };
		99329EE31FA725A80020347F /* Promise+Unwrap.swift in Sources */ = {isa = PBXBuildFile; fileRef = 998C51BF1E7DBB280088DEBC /* Promise+Unwrap.swift */; };
		99329EE41FA725A80020347F /* Promise+Delay.swift in Sources */ = {isa = PBXBuildFile; fileRef = 991E16C21F3B44F500BC997F /* Promise+Delay.swift */; };
		99329EE51FA725A80020347F /* Promise+Timeout.swift in Sources */ = {isa = PBXBuildFile; fileRef = 991E16CA1F3C4A8900BC997F /* Promise+Timeout.swift */; };
		99329EE61FA725A80020347F /* WhenAll.swift in Sources */ = {isa = PBXBuildFile; fileRef = 99AA1C701CB7DDF800ADA4C3 /* WhenAll.swift */; };
		99329EE71FA725A80020347F /* Promise+Zip.swift in Sources */ = {isa = PBXBuildFile; fileRef = 991E16C61F3C45A800BC997F /* Promise+Zip.swift */; };
		99329EE81FA725A80020347F /* Async.swift in Sources */ = {isa = PBXBuildFile; fileRef = 9907A5E41E76FC7C00826BBE /* Async.swift */; };
		99329EE91FA725A80020347F /* Await.swift in Sources */ = {isa = PBXBuildFile; fileRef = 9907A5E61E76FC8200826BBE /* Await.swift */; };
		99329EEA1FA725B30020347F /* PromiseState.swift in Sources */ = {isa = PBXBuildFile; fileRef = 9962ADCB1D58610E005769CD /* PromiseState.swift */; };
		99329EEB1FA725B30020347F /* VoidPromise.swift in Sources */ = {isa = PBXBuildFile; fileRef = 99ED26A41F7BB6C6007D9FBB /* VoidPromise.swift */; };
		99329EEC1FA725B30020347F /* PromiseError.swift in Sources */ = {isa = PBXBuildFile; fileRef = 99E3CB061E5EA53900FEF11A /* PromiseError.swift */; };
		99329EED1FA725B30020347F /* Promise.swift in Sources */ = {isa = PBXBuildFile; fileRef = 99FC637D1C86085C008C1155 /* Promise.swift */; };
		99329EEE1FA725B30020347F /* PromiseBlocks.swift in Sources */ = {isa = PBXBuildFile; fileRef = 99255A4C1DC119B500D9FC72 /* PromiseBlocks.swift */; };
		99329EEF1FA725B30020347F /* Promise+Progress.swift in Sources */ = {isa = PBXBuildFile; fileRef = 99FA2C671E5B1C2F00CA3959 /* Promise+Progress.swift */; };
		99329EF01FA725B30020347F /* Promise+Then.swift in Sources */ = {isa = PBXBuildFile; fileRef = 99FA2C6F1E5B212900CA3959 /* Promise+Then.swift */; };
		99329EF11FA725B30020347F /* Promise+Error.swift in Sources */ = {isa = PBXBuildFile; fileRef = 99FA2C691E5B1F2B00CA3959 /* Promise+Error.swift */; };
		99329EF21FA725B30020347F /* Promise+Finally.swift in Sources */ = {isa = PBXBuildFile; fileRef = 99FA2C631E5B022D00CA3959 /* Promise+Finally.swift */; };
		99329EF31FA725B30020347F /* Promise+Aliases.swift in Sources */ = {isa = PBXBuildFile; fileRef = 99FA2C6B1E5B20BB00CA3959 /* Promise+Aliases.swift */; };
		99329EF41FA725B30020347F /* Promise+Helpers.swift in Sources */ = {isa = PBXBuildFile; fileRef = 99FA2C6D1E5B20EA00CA3959 /* Promise+Helpers.swift */; };
		99329EF51FA725B30020347F /* Promise+Retry.swift in Sources */ = {isa = PBXBuildFile; fileRef = 99B29F801E5D6E0F00CF8E98 /* Promise+Retry.swift */; };
		99329EF61FA725B30020347F /* Promise+Race.swift in Sources */ = {isa = PBXBuildFile; fileRef = 99B29F7C1E5D687F00CF8E98 /* Promise+Race.swift */; };
		99329EF71FA725B30020347F /* Promise+Validate.swift in Sources */ = {isa = PBXBuildFile; fileRef = 99B29F781E5D5F3400CF8E98 /* Promise+Validate.swift */; };
		99329EF81FA725B30020347F /* Promise+Recover.swift in Sources */ = {isa = PBXBuildFile; fileRef = 99B29F721E5D58C600CF8E98 /* Promise+Recover.swift */; };
		99329EF91FA725B30020347F /* Promise+BridgeError.swift in Sources */ = {isa = PBXBuildFile; fileRef = 991E114E1E600D0700448085 /* Promise+BridgeError.swift */; };
		99329EFA1FA725B30020347F /* Promise+Chain.swift in Sources */ = {isa = PBXBuildFile; fileRef = 9907A5DE1E76EBAE00826BBE /* Promise+Chain.swift */; };
		99329EFB1FA725B30020347F /* Promise+NoMatterWhat.swift in Sources */ = {isa = PBXBuildFile; fileRef = 991E11561E6016AD00448085 /* Promise+NoMatterWhat.swift */; };
		99329EFC1FA725B30020347F /* Promise+Unwrap.swift in Sources */ = {isa = PBXBuildFile; fileRef = 998C51BF1E7DBB280088DEBC /* Promise+Unwrap.swift */; };
		99329EFD1FA725B30020347F /* Promise+Delay.swift in Sources */ = {isa = PBXBuildFile; fileRef = 991E16C21F3B44F500BC997F /* Promise+Delay.swift */; };
		99329EFE1FA725B30020347F /* Promise+Timeout.swift in Sources */ = {isa = PBXBuildFile; fileRef = 991E16CA1F3C4A8900BC997F /* Promise+Timeout.swift */; };
		99329EFF1FA725B30020347F /* WhenAll.swift in Sources */ = {isa = PBXBuildFile; fileRef = 99AA1C701CB7DDF800ADA4C3 /* WhenAll.swift */; };
		99329F001FA725B30020347F /* Promise+Zip.swift in Sources */ = {isa = PBXBuildFile; fileRef = 991E16C61F3C45A800BC997F /* Promise+Zip.swift */; };
		99329F011FA725B30020347F /* Async.swift in Sources */ = {isa = PBXBuildFile; fileRef = 9907A5E41E76FC7C00826BBE /* Async.swift */; };
		99329F021FA725B30020347F /* Await.swift in Sources */ = {isa = PBXBuildFile; fileRef = 9907A5E61E76FC8200826BBE /* Await.swift */; };
		9962ADC21D585902005769CD /* ProgressTests.swift in Sources */ = {isa = PBXBuildFile; fileRef = 9962ADC11D585902005769CD /* ProgressTests.swift */; };
		9962ADC41D5859CC005769CD /* WhenAllTests.swift in Sources */ = {isa = PBXBuildFile; fileRef = 9962ADC31D5859CC005769CD /* WhenAllTests.swift */; };
		9962ADC61D585A06005769CD /* Helpers.swift in Sources */ = {isa = PBXBuildFile; fileRef = 9962ADC51D585A06005769CD /* Helpers.swift */; };
		9962ADC81D585B00005769CD /* OnErrorTests.swift in Sources */ = {isa = PBXBuildFile; fileRef = 9962ADC71D585B00005769CD /* OnErrorTests.swift */; };
		9962ADCA1D585E12005769CD /* RegisterThenTests.swift in Sources */ = {isa = PBXBuildFile; fileRef = 9962ADC91D585E12005769CD /* RegisterThenTests.swift */; };
		996FBD9120BEE6CD00858D4A /* Await+Operators.swift in Sources */ = {isa = PBXBuildFile; fileRef = 996FBD9020BEE6CD00858D4A /* Await+Operators.swift */; };
		996FBD9220BEE6D100858D4A /* Await+Operators.swift in Sources */ = {isa = PBXBuildFile; fileRef = 996FBD9020BEE6CD00858D4A /* Await+Operators.swift */; };
		996FBD9320BEE6D100858D4A /* Await+Operators.swift in Sources */ = {isa = PBXBuildFile; fileRef = 996FBD9020BEE6CD00858D4A /* Await+Operators.swift */; };
		997949C620221FAA00F4D964 /* Promise+nil.swift in Sources */ = {isa = PBXBuildFile; fileRef = 997949C520221FAA00F4D964 /* Promise+nil.swift */; };
		997949C82022201100F4D964 /* Promise+First.swift in Sources */ = {isa = PBXBuildFile; fileRef = 997949C72022201100F4D964 /* Promise+First.swift */; };
		997949C9202220A100F4D964 /* Promise+nil.swift in Sources */ = {isa = PBXBuildFile; fileRef = 997949C520221FAA00F4D964 /* Promise+nil.swift */; };
		997949CA202220A200F4D964 /* Promise+nil.swift in Sources */ = {isa = PBXBuildFile; fileRef = 997949C520221FAA00F4D964 /* Promise+nil.swift */; };
		997949CB202220A400F4D964 /* Promise+First.swift in Sources */ = {isa = PBXBuildFile; fileRef = 997949C72022201100F4D964 /* Promise+First.swift */; };
		997949CC202220A500F4D964 /* Promise+First.swift in Sources */ = {isa = PBXBuildFile; fileRef = 997949C72022201100F4D964 /* Promise+First.swift */; };
		998C51C41E7DBB530088DEBC /* UnwrapTests.swift in Sources */ = {isa = PBXBuildFile; fileRef = 998C51C31E7DBB530088DEBC /* UnwrapTests.swift */; };
		99B29F771E5D590D00CF8E98 /* RecoverTests.swift in Sources */ = {isa = PBXBuildFile; fileRef = 99B29F761E5D590D00CF8E98 /* RecoverTests.swift */; };
		99B29F7B1E5D5F4900CF8E98 /* ValidateTests.swift in Sources */ = {isa = PBXBuildFile; fileRef = 99B29F7A1E5D5F4900CF8E98 /* ValidateTests.swift */; };
		99B29F7F1E5D688900CF8E98 /* RaceTests.swift in Sources */ = {isa = PBXBuildFile; fileRef = 99B29F7E1E5D688900CF8E98 /* RaceTests.swift */; };
		99B29F831E5D6F5500CF8E98 /* RetryTests.swift in Sources */ = {isa = PBXBuildFile; fileRef = 99B29F821E5D6F5500CF8E98 /* RetryTests.swift */; };
		99B5ACA21C66831C005CDA28 /* then.framework in Frameworks */ = {isa = PBXBuildFile; fileRef = 99B5AC971C66831C005CDA28 /* then.framework */; };
		99B5ACA71C66831C005CDA28 /* ThenTests.swift in Sources */ = {isa = PBXBuildFile; fileRef = 99B5ACA61C66831C005CDA28 /* ThenTests.swift */; };
		99B9FA8F1E5F107400D522C8 /* FinallyTests.swift in Sources */ = {isa = PBXBuildFile; fileRef = 99B9FA8E1E5F107400D522C8 /* FinallyTests.swift */; };
		99FA7FB61D93C153002274B0 /* thenMacOS.h in Headers */ = {isa = PBXBuildFile; fileRef = 99FA7FB41D93C153002274B0 /* thenMacOS.h */; settings = {ATTRIBUTES = (Public, ); }; };
		99FC63811C86085C008C1155 /* then.h in Headers */ = {isa = PBXBuildFile; fileRef = 99FC637E1C86085C008C1155 /* then.h */; settings = {ATTRIBUTES = (Public, ); }; };
/* End PBXBuildFile section */

/* Begin PBXContainerItemProxy section */
		99B5ACA31C66831C005CDA28 /* PBXContainerItemProxy */ = {
			isa = PBXContainerItemProxy;
			containerPortal = 99B5AC8E1C66831C005CDA28 /* Project object */;
			proxyType = 1;
			remoteGlobalIDString = 99B5AC961C66831C005CDA28;
			remoteInfo = then;
		};
/* End PBXContainerItemProxy section */

/* Begin PBXFileReference section */
		17D4C41C1F4703B1002EF805 /* then.framework */ = {isa = PBXFileReference; explicitFileType = wrapper.framework; includeInIndex = 0; path = then.framework; sourceTree = BUILT_PRODUCTS_DIR; };
		17D4C41E1F4703B1002EF805 /* thenTvOS.h */ = {isa = PBXFileReference; lastKnownFileType = sourcecode.c.h; path = thenTvOS.h; sourceTree = "<group>"; };
		17D4C41F1F4703B1002EF805 /* Info.plist */ = {isa = PBXFileReference; lastKnownFileType = text.plist.xml; path = Info.plist; sourceTree = "<group>"; };
		9907A5DE1E76EBAE00826BBE /* Promise+Chain.swift */ = {isa = PBXFileReference; fileEncoding = 4; lastKnownFileType = sourcecode.swift; path = "Promise+Chain.swift"; sourceTree = "<group>"; };
		9907A5E01E76EBBD00826BBE /* ChainTests.swift */ = {isa = PBXFileReference; fileEncoding = 4; lastKnownFileType = sourcecode.swift; path = ChainTests.swift; sourceTree = "<group>"; };
		9907A5E41E76FC7C00826BBE /* Async.swift */ = {isa = PBXFileReference; fileEncoding = 4; lastKnownFileType = sourcecode.swift; path = Async.swift; sourceTree = "<group>"; };
		9907A5E61E76FC8200826BBE /* Await.swift */ = {isa = PBXFileReference; fileEncoding = 4; lastKnownFileType = sourcecode.swift; path = Await.swift; sourceTree = "<group>"; };
		9907A5EC1E76FD5800826BBE /* AsyncAwaitTests.swift */ = {isa = PBXFileReference; fileEncoding = 4; lastKnownFileType = sourcecode.swift; path = AsyncAwaitTests.swift; sourceTree = "<group>"; };
		991E114E1E600D0700448085 /* Promise+BridgeError.swift */ = {isa = PBXFileReference; fileEncoding = 4; lastKnownFileType = sourcecode.swift; path = "Promise+BridgeError.swift"; sourceTree = "<group>"; };
		991E11501E600D3900448085 /* BridgeErrorTests.swift */ = {isa = PBXFileReference; fileEncoding = 4; lastKnownFileType = sourcecode.swift; path = BridgeErrorTests.swift; sourceTree = "<group>"; };
		991E11541E6016A000448085 /* NoMatterWhatTests.swift */ = {isa = PBXFileReference; fileEncoding = 4; lastKnownFileType = sourcecode.swift; path = NoMatterWhatTests.swift; sourceTree = "<group>"; };
		991E11561E6016AD00448085 /* Promise+NoMatterWhat.swift */ = {isa = PBXFileReference; fileEncoding = 4; lastKnownFileType = sourcecode.swift; path = "Promise+NoMatterWhat.swift"; sourceTree = "<group>"; };
		991E16C01F3AFEF700BC997F /* MemoryTests.swift */ = {isa = PBXFileReference; fileEncoding = 4; lastKnownFileType = sourcecode.swift; path = MemoryTests.swift; sourceTree = "<group>"; };
		991E16C21F3B44F500BC997F /* Promise+Delay.swift */ = {isa = PBXFileReference; fileEncoding = 4; lastKnownFileType = sourcecode.swift; path = "Promise+Delay.swift"; sourceTree = "<group>"; };
		991E16C41F3B486900BC997F /* DelayTests.swift */ = {isa = PBXFileReference; fileEncoding = 4; lastKnownFileType = sourcecode.swift; path = DelayTests.swift; sourceTree = "<group>"; };
		991E16C61F3C45A800BC997F /* Promise+Zip.swift */ = {isa = PBXFileReference; fileEncoding = 4; lastKnownFileType = sourcecode.swift; path = "Promise+Zip.swift"; sourceTree = "<group>"; };
		991E16C81F3C45F000BC997F /* ZipTests.swift */ = {isa = PBXFileReference; fileEncoding = 4; lastKnownFileType = sourcecode.swift; path = ZipTests.swift; sourceTree = "<group>"; };
		991E16CA1F3C4A8900BC997F /* Promise+Timeout.swift */ = {isa = PBXFileReference; fileEncoding = 4; lastKnownFileType = sourcecode.swift; path = "Promise+Timeout.swift"; sourceTree = "<group>"; };
		991E16CC1F3C51C500BC997F /* TimeoutTests.swift */ = {isa = PBXFileReference; fileEncoding = 4; lastKnownFileType = sourcecode.swift; path = TimeoutTests.swift; sourceTree = "<group>"; };
		99255A4C1DC119B500D9FC72 /* PromiseBlocks.swift */ = {isa = PBXFileReference; fileEncoding = 4; lastKnownFileType = sourcecode.swift; path = PromiseBlocks.swift; sourceTree = "<group>"; };
		9962ADC11D585902005769CD /* ProgressTests.swift */ = {isa = PBXFileReference; fileEncoding = 4; lastKnownFileType = sourcecode.swift; path = ProgressTests.swift; sourceTree = "<group>"; };
		9962ADC31D5859CC005769CD /* WhenAllTests.swift */ = {isa = PBXFileReference; fileEncoding = 4; lastKnownFileType = sourcecode.swift; path = WhenAllTests.swift; sourceTree = "<group>"; };
		9962ADC51D585A06005769CD /* Helpers.swift */ = {isa = PBXFileReference; fileEncoding = 4; lastKnownFileType = sourcecode.swift; path = Helpers.swift; sourceTree = "<group>"; };
		9962ADC71D585B00005769CD /* OnErrorTests.swift */ = {isa = PBXFileReference; fileEncoding = 4; lastKnownFileType = sourcecode.swift; path = OnErrorTests.swift; sourceTree = "<group>"; };
		9962ADC91D585E12005769CD /* RegisterThenTests.swift */ = {isa = PBXFileReference; fileEncoding = 4; lastKnownFileType = sourcecode.swift; path = RegisterThenTests.swift; sourceTree = "<group>"; };
		9962ADCB1D58610E005769CD /* PromiseState.swift */ = {isa = PBXFileReference; fileEncoding = 4; lastKnownFileType = sourcecode.swift; path = PromiseState.swift; sourceTree = "<group>"; };
		996FBD9020BEE6CD00858D4A /* Await+Operators.swift */ = {isa = PBXFileReference; lastKnownFileType = sourcecode.swift; path = "Await+Operators.swift"; sourceTree = "<group>"; };
		997949C520221FAA00F4D964 /* Promise+nil.swift */ = {isa = PBXFileReference; lastKnownFileType = sourcecode.swift; path = "Promise+nil.swift"; sourceTree = "<group>"; };
		997949C72022201100F4D964 /* Promise+First.swift */ = {isa = PBXFileReference; lastKnownFileType = sourcecode.swift; path = "Promise+First.swift"; sourceTree = "<group>"; };
		998C51BF1E7DBB280088DEBC /* Promise+Unwrap.swift */ = {isa = PBXFileReference; fileEncoding = 4; lastKnownFileType = sourcecode.swift; path = "Promise+Unwrap.swift"; sourceTree = "<group>"; };
		998C51C31E7DBB530088DEBC /* UnwrapTests.swift */ = {isa = PBXFileReference; fileEncoding = 4; lastKnownFileType = sourcecode.swift; path = UnwrapTests.swift; sourceTree = "<group>"; };
		99AA1C701CB7DDF800ADA4C3 /* WhenAll.swift */ = {isa = PBXFileReference; fileEncoding = 4; lastKnownFileType = sourcecode.swift; path = WhenAll.swift; sourceTree = "<group>"; };
		99B29F721E5D58C600CF8E98 /* Promise+Recover.swift */ = {isa = PBXFileReference; fileEncoding = 4; lastKnownFileType = sourcecode.swift; path = "Promise+Recover.swift"; sourceTree = "<group>"; };
		99B29F761E5D590D00CF8E98 /* RecoverTests.swift */ = {isa = PBXFileReference; fileEncoding = 4; lastKnownFileType = sourcecode.swift; path = RecoverTests.swift; sourceTree = "<group>"; };
		99B29F781E5D5F3400CF8E98 /* Promise+Validate.swift */ = {isa = PBXFileReference; fileEncoding = 4; lastKnownFileType = sourcecode.swift; path = "Promise+Validate.swift"; sourceTree = "<group>"; };
		99B29F7A1E5D5F4900CF8E98 /* ValidateTests.swift */ = {isa = PBXFileReference; fileEncoding = 4; lastKnownFileType = sourcecode.swift; path = ValidateTests.swift; sourceTree = "<group>"; };
		99B29F7C1E5D687F00CF8E98 /* Promise+Race.swift */ = {isa = PBXFileReference; fileEncoding = 4; lastKnownFileType = sourcecode.swift; path = "Promise+Race.swift"; sourceTree = "<group>"; };
		99B29F7E1E5D688900CF8E98 /* RaceTests.swift */ = {isa = PBXFileReference; fileEncoding = 4; lastKnownFileType = sourcecode.swift; path = RaceTests.swift; sourceTree = "<group>"; };
		99B29F801E5D6E0F00CF8E98 /* Promise+Retry.swift */ = {isa = PBXFileReference; fileEncoding = 4; lastKnownFileType = sourcecode.swift; path = "Promise+Retry.swift"; sourceTree = "<group>"; };
		99B29F821E5D6F5500CF8E98 /* RetryTests.swift */ = {isa = PBXFileReference; fileEncoding = 4; lastKnownFileType = sourcecode.swift; path = RetryTests.swift; sourceTree = "<group>"; };
		99B5AC971C66831C005CDA28 /* then.framework */ = {isa = PBXFileReference; explicitFileType = wrapper.framework; includeInIndex = 0; path = then.framework; sourceTree = BUILT_PRODUCTS_DIR; };
		99B5ACA11C66831C005CDA28 /* thenTests.xctest */ = {isa = PBXFileReference; explicitFileType = wrapper.cfbundle; includeInIndex = 0; path = thenTests.xctest; sourceTree = BUILT_PRODUCTS_DIR; };
		99B5ACA61C66831C005CDA28 /* ThenTests.swift */ = {isa = PBXFileReference; lastKnownFileType = sourcecode.swift; path = ThenTests.swift; sourceTree = "<group>"; };
		99B5ACA81C66831C005CDA28 /* Info.plist */ = {isa = PBXFileReference; lastKnownFileType = text.plist.xml; path = Info.plist; sourceTree = "<group>"; };
		99B9FA8E1E5F107400D522C8 /* FinallyTests.swift */ = {isa = PBXFileReference; fileEncoding = 4; lastKnownFileType = sourcecode.swift; path = FinallyTests.swift; sourceTree = "<group>"; };
		99E3CB061E5EA53900FEF11A /* PromiseError.swift */ = {isa = PBXFileReference; fileEncoding = 4; lastKnownFileType = sourcecode.swift; path = PromiseError.swift; sourceTree = "<group>"; };
		99ED26A41F7BB6C6007D9FBB /* VoidPromise.swift */ = {isa = PBXFileReference; lastKnownFileType = sourcecode.swift; path = VoidPromise.swift; sourceTree = "<group>"; };
		99FA2C631E5B022D00CA3959 /* Promise+Finally.swift */ = {isa = PBXFileReference; fileEncoding = 4; lastKnownFileType = sourcecode.swift; path = "Promise+Finally.swift"; sourceTree = "<group>"; };
		99FA2C671E5B1C2F00CA3959 /* Promise+Progress.swift */ = {isa = PBXFileReference; fileEncoding = 4; lastKnownFileType = sourcecode.swift; path = "Promise+Progress.swift"; sourceTree = "<group>"; };
		99FA2C691E5B1F2B00CA3959 /* Promise+Error.swift */ = {isa = PBXFileReference; fileEncoding = 4; lastKnownFileType = sourcecode.swift; path = "Promise+Error.swift"; sourceTree = "<group>"; };
		99FA2C6B1E5B20BB00CA3959 /* Promise+Aliases.swift */ = {isa = PBXFileReference; fileEncoding = 4; lastKnownFileType = sourcecode.swift; path = "Promise+Aliases.swift"; sourceTree = "<group>"; };
		99FA2C6D1E5B20EA00CA3959 /* Promise+Helpers.swift */ = {isa = PBXFileReference; fileEncoding = 4; lastKnownFileType = sourcecode.swift; path = "Promise+Helpers.swift"; sourceTree = "<group>"; };
		99FA2C6F1E5B212900CA3959 /* Promise+Then.swift */ = {isa = PBXFileReference; fileEncoding = 4; lastKnownFileType = sourcecode.swift; path = "Promise+Then.swift"; sourceTree = "<group>"; };
		99FA7FB21D93C153002274B0 /* then.framework */ = {isa = PBXFileReference; explicitFileType = wrapper.framework; includeInIndex = 0; path = then.framework; sourceTree = BUILT_PRODUCTS_DIR; };
		99FA7FB41D93C153002274B0 /* thenMacOS.h */ = {isa = PBXFileReference; lastKnownFileType = sourcecode.c.h; path = thenMacOS.h; sourceTree = "<group>"; };
		99FA7FB51D93C153002274B0 /* Info.plist */ = {isa = PBXFileReference; lastKnownFileType = text.plist.xml; path = Info.plist; sourceTree = "<group>"; };
		99FA7FC81D93C1AB002274B0 /* Promise.swift */ = {isa = PBXFileReference; fileEncoding = 4; lastKnownFileType = sourcecode.swift; path = Promise.swift; sourceTree = "<group>"; };
		99FA7FC91D93C1AB002274B0 /* PromiseState.swift */ = {isa = PBXFileReference; fileEncoding = 4; lastKnownFileType = sourcecode.swift; path = PromiseState.swift; sourceTree = "<group>"; };
		99FA7FCB1D93C1AB002274B0 /* WhenAll.swift */ = {isa = PBXFileReference; fileEncoding = 4; lastKnownFileType = sourcecode.swift; path = WhenAll.swift; sourceTree = "<group>"; };
		99FC637C1C86085C008C1155 /* Info.plist */ = {isa = PBXFileReference; fileEncoding = 4; lastKnownFileType = text.plist.xml; path = Info.plist; sourceTree = "<group>"; };
		99FC637D1C86085C008C1155 /* Promise.swift */ = {isa = PBXFileReference; fileEncoding = 4; lastKnownFileType = sourcecode.swift; path = Promise.swift; sourceTree = "<group>"; };
		99FC637E1C86085C008C1155 /* then.h */ = {isa = PBXFileReference; fileEncoding = 4; lastKnownFileType = sourcecode.c.h; path = then.h; sourceTree = "<group>"; };
/* End PBXFileReference section */

/* Begin PBXFrameworksBuildPhase section */
		17D4C4181F4703B1002EF805 /* Frameworks */ = {
			isa = PBXFrameworksBuildPhase;
			buildActionMask = 2147483647;
			files = (
			);
			runOnlyForDeploymentPostprocessing = 0;
		};
		99B5AC931C66831C005CDA28 /* Frameworks */ = {
			isa = PBXFrameworksBuildPhase;
			buildActionMask = 2147483647;
			files = (
			);
			runOnlyForDeploymentPostprocessing = 0;
		};
		99B5AC9E1C66831C005CDA28 /* Frameworks */ = {
			isa = PBXFrameworksBuildPhase;
			buildActionMask = 2147483647;
			files = (
				99B5ACA21C66831C005CDA28 /* then.framework in Frameworks */,
			);
			runOnlyForDeploymentPostprocessing = 0;
		};
		99FA7FAE1D93C153002274B0 /* Frameworks */ = {
			isa = PBXFrameworksBuildPhase;
			buildActionMask = 2147483647;
			files = (
			);
			runOnlyForDeploymentPostprocessing = 0;
		};
/* End PBXFrameworksBuildPhase section */

/* Begin PBXGroup section */
		17D4C41D1F4703B1002EF805 /* thenTvOS */ = {
			isa = PBXGroup;
			children = (
				17D4C41E1F4703B1002EF805 /* thenTvOS.h */,
				17D4C41F1F4703B1002EF805 /* Info.plist */,
			);
			path = thenTvOS;
			sourceTree = "<group>";
		};
		99B5AC8D1C66831C005CDA28 = {
			isa = PBXGroup;
			children = (
				99B5AC991C66831C005CDA28 /* then */,
				99B5ACA51C66831C005CDA28 /* thenTests */,
				99FA7FB31D93C153002274B0 /* thenMacOS */,
				17D4C41D1F4703B1002EF805 /* thenTvOS */,
				99B5AC981C66831C005CDA28 /* Products */,
			);
			sourceTree = "<group>";
		};
		99B5AC981C66831C005CDA28 /* Products */ = {
			isa = PBXGroup;
			children = (
				99B5AC971C66831C005CDA28 /* then.framework */,
				99B5ACA11C66831C005CDA28 /* thenTests.xctest */,
				99FA7FB21D93C153002274B0 /* then.framework */,
				17D4C41C1F4703B1002EF805 /* then.framework */,
			);
			name = Products;
			sourceTree = "<group>";
		};
		99B5AC991C66831C005CDA28 /* then */ = {
			isa = PBXGroup;
			children = (
				99FC637B1C86085C008C1155 /* Source */,
			);
			path = then;
			sourceTree = "<group>";
		};
		99B5ACA51C66831C005CDA28 /* thenTests */ = {
			isa = PBXGroup;
			children = (
				99B5ACA61C66831C005CDA28 /* ThenTests.swift */,
				9962ADC91D585E12005769CD /* RegisterThenTests.swift */,
				9962ADC11D585902005769CD /* ProgressTests.swift */,
				9962ADC71D585B00005769CD /* OnErrorTests.swift */,
				99B9FA8E1E5F107400D522C8 /* FinallyTests.swift */,
				9962ADC31D5859CC005769CD /* WhenAllTests.swift */,
				991E16C81F3C45F000BC997F /* ZipTests.swift */,
				99B29F821E5D6F5500CF8E98 /* RetryTests.swift */,
				99B29F7E1E5D688900CF8E98 /* RaceTests.swift */,
				99B29F7A1E5D5F4900CF8E98 /* ValidateTests.swift */,
				99B29F761E5D590D00CF8E98 /* RecoverTests.swift */,
				991E11501E600D3900448085 /* BridgeErrorTests.swift */,
				9907A5E01E76EBBD00826BBE /* ChainTests.swift */,
				991E11541E6016A000448085 /* NoMatterWhatTests.swift */,
				9907A5EC1E76FD5800826BBE /* AsyncAwaitTests.swift */,
				998C51C31E7DBB530088DEBC /* UnwrapTests.swift */,
				991E16C41F3B486900BC997F /* DelayTests.swift */,
				991E16CC1F3C51C500BC997F /* TimeoutTests.swift */,
				991E16C01F3AFEF700BC997F /* MemoryTests.swift */,
				9962ADC51D585A06005769CD /* Helpers.swift */,
				99B5ACA81C66831C005CDA28 /* Info.plist */,
			);
			path = thenTests;
			sourceTree = "<group>";
		};
		99FA7FB31D93C153002274B0 /* thenMacOS */ = {
			isa = PBXGroup;
			children = (
				99FA7FB41D93C153002274B0 /* thenMacOS.h */,
				99FA7FB51D93C153002274B0 /* Info.plist */,
				99FA7FC61D93C1AB002274B0 /* Source */,
			);
			path = thenMacOS;
			sourceTree = "<group>";
		};
		99FA7FC61D93C1AB002274B0 /* Source */ = {
			isa = PBXGroup;
			children = (
				99FA7FC81D93C1AB002274B0 /* Promise.swift */,
				99FA7FC91D93C1AB002274B0 /* PromiseState.swift */,
				99FA7FCB1D93C1AB002274B0 /* WhenAll.swift */,
			);
			path = Source;
			sourceTree = SOURCE_ROOT;
		};
		99FC637B1C86085C008C1155 /* Source */ = {
			isa = PBXGroup;
			children = (
				99FC637C1C86085C008C1155 /* Info.plist */,
				9962ADCB1D58610E005769CD /* PromiseState.swift */,
				99ED26A41F7BB6C6007D9FBB /* VoidPromise.swift */,
				99E3CB061E5EA53900FEF11A /* PromiseError.swift */,
				99FC637D1C86085C008C1155 /* Promise.swift */,
				99255A4C1DC119B500D9FC72 /* PromiseBlocks.swift */,
				99FA2C671E5B1C2F00CA3959 /* Promise+Progress.swift */,
				99FA2C6F1E5B212900CA3959 /* Promise+Then.swift */,
				99FA2C691E5B1F2B00CA3959 /* Promise+Error.swift */,
				99FA2C631E5B022D00CA3959 /* Promise+Finally.swift */,
				99FA2C6B1E5B20BB00CA3959 /* Promise+Aliases.swift */,
				99FA2C6D1E5B20EA00CA3959 /* Promise+Helpers.swift */,
				99B29F801E5D6E0F00CF8E98 /* Promise+Retry.swift */,
				99B29F7C1E5D687F00CF8E98 /* Promise+Race.swift */,
				99B29F781E5D5F3400CF8E98 /* Promise+Validate.swift */,
				99B29F721E5D58C600CF8E98 /* Promise+Recover.swift */,
				991E114E1E600D0700448085 /* Promise+BridgeError.swift */,
				9907A5DE1E76EBAE00826BBE /* Promise+Chain.swift */,
				991E11561E6016AD00448085 /* Promise+NoMatterWhat.swift */,
				998C51BF1E7DBB280088DEBC /* Promise+Unwrap.swift */,
				991E16C21F3B44F500BC997F /* Promise+Delay.swift */,
				991E16CA1F3C4A8900BC997F /* Promise+Timeout.swift */,
				997949C520221FAA00F4D964 /* Promise+nil.swift */,
				997949C72022201100F4D964 /* Promise+First.swift */,
				99AA1C701CB7DDF800ADA4C3 /* WhenAll.swift */,
				991E16C61F3C45A800BC997F /* Promise+Zip.swift */,
				9907A5E41E76FC7C00826BBE /* Async.swift */,
				9907A5E61E76FC8200826BBE /* Await.swift */,
				996FBD9020BEE6CD00858D4A /* Await+Operators.swift */,
				99FC637E1C86085C008C1155 /* then.h */,
			);
			path = Source;
			sourceTree = SOURCE_ROOT;
		};
/* End PBXGroup section */

/* Begin PBXHeadersBuildPhase section */
		17D4C4191F4703B1002EF805 /* Headers */ = {
			isa = PBXHeadersBuildPhase;
			buildActionMask = 2147483647;
			files = (
				17D4C4201F4703B1002EF805 /* thenTvOS.h in Headers */,
			);
			runOnlyForDeploymentPostprocessing = 0;
		};
		99B5AC941C66831C005CDA28 /* Headers */ = {
			isa = PBXHeadersBuildPhase;
			buildActionMask = 2147483647;
			files = (
				99FC63811C86085C008C1155 /* then.h in Headers */,
			);
			runOnlyForDeploymentPostprocessing = 0;
		};
		99FA7FAF1D93C153002274B0 /* Headers */ = {
			isa = PBXHeadersBuildPhase;
			buildActionMask = 2147483647;
			files = (
				99FA7FB61D93C153002274B0 /* thenMacOS.h in Headers */,
			);
			runOnlyForDeploymentPostprocessing = 0;
		};
/* End PBXHeadersBuildPhase section */

/* Begin PBXNativeTarget section */
		17D4C41B1F4703B1002EF805 /* thenTvOS */ = {
			isa = PBXNativeTarget;
			buildConfigurationList = 17D4C4211F4703B1002EF805 /* Build configuration list for PBXNativeTarget "thenTvOS" */;
			buildPhases = (
				17D4C4171F4703B1002EF805 /* Sources */,
				17D4C4181F4703B1002EF805 /* Frameworks */,
				17D4C4191F4703B1002EF805 /* Headers */,
				17D4C41A1F4703B1002EF805 /* Resources */,
			);
			buildRules = (
			);
			dependencies = (
			);
			name = thenTvOS;
			productName = thenTvOS;
			productReference = 17D4C41C1F4703B1002EF805 /* then.framework */;
			productType = "com.apple.product-type.framework";
		};
		99B5AC961C66831C005CDA28 /* then */ = {
			isa = PBXNativeTarget;
			buildConfigurationList = 99B5ACAB1C66831C005CDA28 /* Build configuration list for PBXNativeTarget "then" */;
			buildPhases = (
				99B5AC921C66831C005CDA28 /* Sources */,
				99B5AC931C66831C005CDA28 /* Frameworks */,
				99B5AC941C66831C005CDA28 /* Headers */,
				99B5AC951C66831C005CDA28 /* Resources */,
				9962ADBE1D58534D005769CD /* ShellScript */,
			);
			buildRules = (
			);
			dependencies = (
			);
			name = then;
			productName = then;
			productReference = 99B5AC971C66831C005CDA28 /* then.framework */;
			productType = "com.apple.product-type.framework";
		};
		99B5ACA01C66831C005CDA28 /* thenTests */ = {
			isa = PBXNativeTarget;
			buildConfigurationList = 99B5ACAE1C66831C005CDA28 /* Build configuration list for PBXNativeTarget "thenTests" */;
			buildPhases = (
				99B5AC9D1C66831C005CDA28 /* Sources */,
				99B5AC9E1C66831C005CDA28 /* Frameworks */,
				99B5AC9F1C66831C005CDA28 /* Resources */,
			);
			buildRules = (
			);
			dependencies = (
				99B5ACA41C66831C005CDA28 /* PBXTargetDependency */,
			);
			name = thenTests;
			productName = thenTests;
			productReference = 99B5ACA11C66831C005CDA28 /* thenTests.xctest */;
			productType = "com.apple.product-type.bundle.unit-test";
		};
		99FA7FB11D93C153002274B0 /* thenMacOS */ = {
			isa = PBXNativeTarget;
			buildConfigurationList = 99FA7FB91D93C153002274B0 /* Build configuration list for PBXNativeTarget "thenMacOS" */;
			buildPhases = (
				99FA7FAD1D93C153002274B0 /* Sources */,
				99FA7FAE1D93C153002274B0 /* Frameworks */,
				99FA7FAF1D93C153002274B0 /* Headers */,
				99FA7FB01D93C153002274B0 /* Resources */,
			);
			buildRules = (
			);
			dependencies = (
			);
			name = thenMacOS;
			productName = thenMacOS;
			productReference = 99FA7FB21D93C153002274B0 /* then.framework */;
			productType = "com.apple.product-type.framework";
		};
/* End PBXNativeTarget section */

/* Begin PBXProject section */
		99B5AC8E1C66831C005CDA28 /* Project object */ = {
			isa = PBXProject;
			attributes = {
				LastSwiftUpdateCheck = 0720;
				LastUpgradeCheck = 1020;
				ORGANIZATIONNAME = s4cha;
				TargetAttributes = {
					17D4C41B1F4703B1002EF805 = {
						CreatedOnToolsVersion = 8.3.3;
						ProvisioningStyle = Automatic;
					};
					99B5AC961C66831C005CDA28 = {
						CreatedOnToolsVersion = 7.2;
						LastSwiftMigration = 0900;
					};
					99B5ACA01C66831C005CDA28 = {
						CreatedOnToolsVersion = 7.2;
						LastSwiftMigration = 1020;
					};
					99FA7FB11D93C153002274B0 = {
						CreatedOnToolsVersion = 8.0;
						ProvisioningStyle = Automatic;
					};
				};
			};
			buildConfigurationList = 99B5AC911C66831C005CDA28 /* Build configuration list for PBXProject "then" */;
			compatibilityVersion = "Xcode 3.2";
			developmentRegion = en;
			hasScannedForEncodings = 0;
			knownRegions = (
				en,
				Base,
			);
			mainGroup = 99B5AC8D1C66831C005CDA28;
			productRefGroup = 99B5AC981C66831C005CDA28 /* Products */;
			projectDirPath = "";
			projectRoot = "";
			targets = (
				99B5AC961C66831C005CDA28 /* then */,
				99B5ACA01C66831C005CDA28 /* thenTests */,
				99FA7FB11D93C153002274B0 /* thenMacOS */,
				17D4C41B1F4703B1002EF805 /* thenTvOS */,
			);
		};
/* End PBXProject section */

/* Begin PBXResourcesBuildPhase section */
		17D4C41A1F4703B1002EF805 /* Resources */ = {
			isa = PBXResourcesBuildPhase;
			buildActionMask = 2147483647;
			files = (
			);
			runOnlyForDeploymentPostprocessing = 0;
		};
		99B5AC951C66831C005CDA28 /* Resources */ = {
			isa = PBXResourcesBuildPhase;
			buildActionMask = 2147483647;
			files = (
			);
			runOnlyForDeploymentPostprocessing = 0;
		};
		99B5AC9F1C66831C005CDA28 /* Resources */ = {
			isa = PBXResourcesBuildPhase;
			buildActionMask = 2147483647;
			files = (
			);
			runOnlyForDeploymentPostprocessing = 0;
		};
		99FA7FB01D93C153002274B0 /* Resources */ = {
			isa = PBXResourcesBuildPhase;
			buildActionMask = 2147483647;
			files = (
			);
			runOnlyForDeploymentPostprocessing = 0;
		};
/* End PBXResourcesBuildPhase section */

/* Begin PBXShellScriptBuildPhase section */
		9962ADBE1D58534D005769CD /* ShellScript */ = {
			isa = PBXShellScriptBuildPhase;
			buildActionMask = 2147483647;
			files = (
			);
			inputPaths = (
			);
			outputPaths = (
			);
			runOnlyForDeploymentPostprocessing = 0;
			shellPath = /bin/sh;
			shellScript = "if which swiftlint >/dev/null; then\nswiftlint\nelse\necho \"warning: SwiftLint not installed, download from https://github.com/realm/SwiftLint\"\nfi";
		};
/* End PBXShellScriptBuildPhase section */

/* Begin PBXSourcesBuildPhase section */
		17D4C4171F4703B1002EF805 /* Sources */ = {
			isa = PBXSourcesBuildPhase;
			buildActionMask = 2147483647;
			files = (
				997949CC202220A500F4D964 /* Promise+First.swift in Sources */,
				99329EEA1FA725B30020347F /* PromiseState.swift in Sources */,
				99329EEB1FA725B30020347F /* VoidPromise.swift in Sources */,
				99329EEC1FA725B30020347F /* PromiseError.swift in Sources */,
				996FBD9320BEE6D100858D4A /* Await+Operators.swift in Sources */,
				99329EED1FA725B30020347F /* Promise.swift in Sources */,
				99329EEE1FA725B30020347F /* PromiseBlocks.swift in Sources */,
				99329EEF1FA725B30020347F /* Promise+Progress.swift in Sources */,
				99329EF01FA725B30020347F /* Promise+Then.swift in Sources */,
				99329EF11FA725B30020347F /* Promise+Error.swift in Sources */,
				99329EF21FA725B30020347F /* Promise+Finally.swift in Sources */,
				99329EF31FA725B30020347F /* Promise+Aliases.swift in Sources */,
				99329EF41FA725B30020347F /* Promise+Helpers.swift in Sources */,
				99329EF51FA725B30020347F /* Promise+Retry.swift in Sources */,
				99329EF61FA725B30020347F /* Promise+Race.swift in Sources */,
				99329EF71FA725B30020347F /* Promise+Validate.swift in Sources */,
				99329EF81FA725B30020347F /* Promise+Recover.swift in Sources */,
				99329EF91FA725B30020347F /* Promise+BridgeError.swift in Sources */,
				99329EFA1FA725B30020347F /* Promise+Chain.swift in Sources */,
				997949CA202220A200F4D964 /* Promise+nil.swift in Sources */,
				99329EFB1FA725B30020347F /* Promise+NoMatterWhat.swift in Sources */,
				99329EFC1FA725B30020347F /* Promise+Unwrap.swift in Sources */,
				99329EFD1FA725B30020347F /* Promise+Delay.swift in Sources */,
				99329EFE1FA725B30020347F /* Promise+Timeout.swift in Sources */,
				99329EFF1FA725B30020347F /* WhenAll.swift in Sources */,
				99329F001FA725B30020347F /* Promise+Zip.swift in Sources */,
				99329F011FA725B30020347F /* Async.swift in Sources */,
				99329F021FA725B30020347F /* Await.swift in Sources */,
			);
			runOnlyForDeploymentPostprocessing = 0;
		};
		99B5AC921C66831C005CDA28 /* Sources */ = {
			isa = PBXSourcesBuildPhase;
			buildActionMask = 2147483647;
			files = (
				997949C82022201100F4D964 /* Promise+First.swift in Sources */,
				99329EB81FA7259D0020347F /* PromiseState.swift in Sources */,
				99329EB91FA7259D0020347F /* VoidPromise.swift in Sources */,
				99329EBA1FA7259D0020347F /* PromiseError.swift in Sources */,
				996FBD9120BEE6CD00858D4A /* Await+Operators.swift in Sources */,
				99329EBB1FA7259D0020347F /* Promise.swift in Sources */,
				99329EBC1FA7259D0020347F /* PromiseBlocks.swift in Sources */,
				99329EBD1FA7259D0020347F /* Promise+Progress.swift in Sources */,
				99329EBE1FA7259D0020347F /* Promise+Then.swift in Sources */,
				99329EBF1FA7259D0020347F /* Promise+Error.swift in Sources */,
				99329EC01FA7259D0020347F /* Promise+Finally.swift in Sources */,
				99329EC11FA7259D0020347F /* Promise+Aliases.swift in Sources */,
				99329EC21FA7259D0020347F /* Promise+Helpers.swift in Sources */,
				99329EC31FA7259D0020347F /* Promise+Retry.swift in Sources */,
				99329EC41FA7259D0020347F /* Promise+Race.swift in Sources */,
				99329EC51FA7259D0020347F /* Promise+Validate.swift in Sources */,
				99329EC61FA7259D0020347F /* Promise+Recover.swift in Sources */,
				99329EC71FA7259D0020347F /* Promise+BridgeError.swift in Sources */,
				99329EC81FA7259D0020347F /* Promise+Chain.swift in Sources */,
				997949C620221FAA00F4D964 /* Promise+nil.swift in Sources */,
				99329EC91FA7259D0020347F /* Promise+NoMatterWhat.swift in Sources */,
				99329ECA1FA7259D0020347F /* Promise+Unwrap.swift in Sources */,
				99329ECB1FA7259D0020347F /* Promise+Delay.swift in Sources */,
				99329ECC1FA7259D0020347F /* Promise+Timeout.swift in Sources */,
				99329ECD1FA7259D0020347F /* WhenAll.swift in Sources */,
				99329ECE1FA7259D0020347F /* Promise+Zip.swift in Sources */,
				99329ECF1FA7259D0020347F /* Async.swift in Sources */,
				99329ED01FA7259D0020347F /* Await.swift in Sources */,
			);
			runOnlyForDeploymentPostprocessing = 0;
		};
		99B5AC9D1C66831C005CDA28 /* Sources */ = {
			isa = PBXSourcesBuildPhase;
			buildActionMask = 2147483647;
			files = (
				991E11511E600D3900448085 /* BridgeErrorTests.swift in Sources */,
				9962ADC21D585902005769CD /* ProgressTests.swift in Sources */,
				99B9FA8F1E5F107400D522C8 /* FinallyTests.swift in Sources */,
				991E16CD1F3C51C500BC997F /* TimeoutTests.swift in Sources */,
				991E11551E6016A000448085 /* NoMatterWhatTests.swift in Sources */,
				99B29F7B1E5D5F4900CF8E98 /* ValidateTests.swift in Sources */,
				991E16C91F3C45F000BC997F /* ZipTests.swift in Sources */,
				991E16C51F3B486900BC997F /* DelayTests.swift in Sources */,
				99B29F771E5D590D00CF8E98 /* RecoverTests.swift in Sources */,
				9962ADCA1D585E12005769CD /* RegisterThenTests.swift in Sources */,
				99B29F7F1E5D688900CF8E98 /* RaceTests.swift in Sources */,
				9962ADC81D585B00005769CD /* OnErrorTests.swift in Sources */,
				99B29F831E5D6F5500CF8E98 /* RetryTests.swift in Sources */,
				99B5ACA71C66831C005CDA28 /* ThenTests.swift in Sources */,
				9907A5E11E76EBBD00826BBE /* ChainTests.swift in Sources */,
				991E16C11F3AFEF700BC997F /* MemoryTests.swift in Sources */,
				998C51C41E7DBB530088DEBC /* UnwrapTests.swift in Sources */,
				9962ADC41D5859CC005769CD /* WhenAllTests.swift in Sources */,
				9962ADC61D585A06005769CD /* Helpers.swift in Sources */,
				9907A5ED1E76FD5800826BBE /* AsyncAwaitTests.swift in Sources */,
			);
			runOnlyForDeploymentPostprocessing = 0;
		};
		99FA7FAD1D93C153002274B0 /* Sources */ = {
			isa = PBXSourcesBuildPhase;
			buildActionMask = 2147483647;
			files = (
				997949CB202220A400F4D964 /* Promise+First.swift in Sources */,
				99329ED11FA725A80020347F /* PromiseState.swift in Sources */,
				99329ED21FA725A80020347F /* VoidPromise.swift in Sources */,
				99329ED31FA725A80020347F /* PromiseError.swift in Sources */,
				996FBD9220BEE6D100858D4A /* Await+Operators.swift in Sources */,
				99329ED41FA725A80020347F /* Promise.swift in Sources */,
				99329ED51FA725A80020347F /* PromiseBlocks.swift in Sources */,
				99329ED61FA725A80020347F /* Promise+Progress.swift in Sources */,
				99329ED71FA725A80020347F /* Promise+Then.swift in Sources */,
				99329ED81FA725A80020347F /* Promise+Error.swift in Sources */,
				99329ED91FA725A80020347F /* Promise+Finally.swift in Sources */,
				99329EDA1FA725A80020347F /* Promise+Aliases.swift in Sources */,
				99329EDB1FA725A80020347F /* Promise+Helpers.swift in Sources */,
				99329EDC1FA725A80020347F /* Promise+Retry.swift in Sources */,
				99329EDD1FA725A80020347F /* Promise+Race.swift in Sources */,
				99329EDE1FA725A80020347F /* Promise+Validate.swift in Sources */,
				99329EDF1FA725A80020347F /* Promise+Recover.swift in Sources */,
				99329EE01FA725A80020347F /* Promise+BridgeError.swift in Sources */,
				99329EE11FA725A80020347F /* Promise+Chain.swift in Sources */,
				997949C9202220A100F4D964 /* Promise+nil.swift in Sources */,
				99329EE21FA725A80020347F /* Promise+NoMatterWhat.swift in Sources */,
				99329EE31FA725A80020347F /* Promise+Unwrap.swift in Sources */,
				99329EE41FA725A80020347F /* Promise+Delay.swift in Sources */,
				99329EE51FA725A80020347F /* Promise+Timeout.swift in Sources */,
				99329EE61FA725A80020347F /* WhenAll.swift in Sources */,
				99329EE71FA725A80020347F /* Promise+Zip.swift in Sources */,
				99329EE81FA725A80020347F /* Async.swift in Sources */,
				99329EE91FA725A80020347F /* Await.swift in Sources */,
			);
			runOnlyForDeploymentPostprocessing = 0;
		};
/* End PBXSourcesBuildPhase section */

/* Begin PBXTargetDependency section */
		99B5ACA41C66831C005CDA28 /* PBXTargetDependency */ = {
			isa = PBXTargetDependency;
			target = 99B5AC961C66831C005CDA28 /* then */;
			targetProxy = 99B5ACA31C66831C005CDA28 /* PBXContainerItemProxy */;
		};
/* End PBXTargetDependency section */

/* Begin XCBuildConfiguration section */
		17D4C4221F4703B1002EF805 /* Debug */ = {
			isa = XCBuildConfiguration;
			buildSettings = {
				CLANG_ANALYZER_NONNULL = YES;
				CLANG_ANALYZER_NUMBER_OBJECT_CONVERSION = YES_AGGRESSIVE;
				CLANG_WARN_DOCUMENTATION_COMMENTS = YES;
				CODE_SIGN_IDENTITY = "";
				DEFINES_MODULE = YES;
				DYLIB_COMPATIBILITY_VERSION = 1;
				DYLIB_CURRENT_VERSION = 1;
				DYLIB_INSTALL_NAME_BASE = "@rpath";
				INFOPLIST_FILE = thenTvOS/Info.plist;
				INSTALL_PATH = "$(LOCAL_LIBRARY_DIR)/Frameworks";
				LD_RUNPATH_SEARCH_PATHS = "$(inherited) @executable_path/Frameworks @loader_path/Frameworks";
				PRODUCT_BUNDLE_IDENTIFIER = com.fresh.thenTvOS;
				PRODUCT_NAME = then;
				SDKROOT = appletvos;
				SKIP_INSTALL = YES;
				SWIFT_ACTIVE_COMPILATION_CONDITIONS = DEBUG;
				SWIFT_VERSION = 5.0;
				TARGETED_DEVICE_FAMILY = 3;
				TVOS_DEPLOYMENT_TARGET = 9.0;
			};
			name = Debug;
		};
		17D4C4231F4703B1002EF805 /* Release */ = {
			isa = XCBuildConfiguration;
			buildSettings = {
				CLANG_ANALYZER_NONNULL = YES;
				CLANG_ANALYZER_NUMBER_OBJECT_CONVERSION = YES_AGGRESSIVE;
				CLANG_WARN_DOCUMENTATION_COMMENTS = YES;
				CODE_SIGN_IDENTITY = "";
				DEFINES_MODULE = YES;
				DYLIB_COMPATIBILITY_VERSION = 1;
				DYLIB_CURRENT_VERSION = 1;
				DYLIB_INSTALL_NAME_BASE = "@rpath";
				INFOPLIST_FILE = thenTvOS/Info.plist;
				INSTALL_PATH = "$(LOCAL_LIBRARY_DIR)/Frameworks";
				LD_RUNPATH_SEARCH_PATHS = "$(inherited) @executable_path/Frameworks @loader_path/Frameworks";
				PRODUCT_BUNDLE_IDENTIFIER = com.fresh.thenTvOS;
				PRODUCT_NAME = then;
				SDKROOT = appletvos;
				SKIP_INSTALL = YES;
				SWIFT_OPTIMIZATION_LEVEL = "-Owholemodule";
				SWIFT_VERSION = 5.0;
				TARGETED_DEVICE_FAMILY = 3;
				TVOS_DEPLOYMENT_TARGET = 9.0;
			};
			name = Release;
		};
		99B5ACA91C66831C005CDA28 /* Debug */ = {
			isa = XCBuildConfiguration;
			buildSettings = {
				ALWAYS_SEARCH_USER_PATHS = NO;
				CLANG_CXX_LANGUAGE_STANDARD = "gnu++0x";
				CLANG_CXX_LIBRARY = "libc++";
				CLANG_ENABLE_CODE_COVERAGE = NO;
				CLANG_ENABLE_MODULES = YES;
				CLANG_ENABLE_OBJC_ARC = YES;
				CLANG_WARN_BLOCK_CAPTURE_AUTORELEASING = YES;
				CLANG_WARN_BOOL_CONVERSION = YES;
				CLANG_WARN_COMMA = YES;
				CLANG_WARN_CONSTANT_CONVERSION = YES;
				CLANG_WARN_DEPRECATED_OBJC_IMPLEMENTATIONS = YES;
				CLANG_WARN_DIRECT_OBJC_ISA_USAGE = YES_ERROR;
				CLANG_WARN_EMPTY_BODY = YES;
				CLANG_WARN_ENUM_CONVERSION = YES;
				CLANG_WARN_INFINITE_RECURSION = YES;
				CLANG_WARN_INT_CONVERSION = YES;
				CLANG_WARN_NON_LITERAL_NULL_CONVERSION = YES;
				CLANG_WARN_OBJC_IMPLICIT_RETAIN_SELF = YES;
				CLANG_WARN_OBJC_LITERAL_CONVERSION = YES;
				CLANG_WARN_OBJC_ROOT_CLASS = YES_ERROR;
				CLANG_WARN_RANGE_LOOP_ANALYSIS = YES;
				CLANG_WARN_STRICT_PROTOTYPES = YES;
				CLANG_WARN_SUSPICIOUS_MOVE = YES;
				CLANG_WARN_UNREACHABLE_CODE = YES;
				CLANG_WARN__DUPLICATE_METHOD_MATCH = YES;
				"CODE_SIGN_IDENTITY[sdk=iphoneos*]" = "iPhone Developer";
				COPY_PHASE_STRIP = NO;
				CURRENT_PROJECT_VERSION = 1;
				DEBUG_INFORMATION_FORMAT = dwarf;
				ENABLE_STRICT_OBJC_MSGSEND = YES;
				ENABLE_TESTABILITY = YES;
				GCC_C_LANGUAGE_STANDARD = gnu99;
				GCC_DYNAMIC_NO_PIC = NO;
				GCC_NO_COMMON_BLOCKS = YES;
				GCC_OPTIMIZATION_LEVEL = 0;
				GCC_PREPROCESSOR_DEFINITIONS = (
					"DEBUG=1",
					"$(inherited)",
				);
				GCC_WARN_64_TO_32_BIT_CONVERSION = YES;
				GCC_WARN_ABOUT_RETURN_TYPE = YES_ERROR;
				GCC_WARN_UNDECLARED_SELECTOR = YES;
				GCC_WARN_UNINITIALIZED_AUTOS = YES_AGGRESSIVE;
				GCC_WARN_UNUSED_FUNCTION = YES;
				GCC_WARN_UNUSED_VARIABLE = YES;
				IPHONEOS_DEPLOYMENT_TARGET = 8.0;
				MTL_ENABLE_DEBUG_INFO = YES;
				ONLY_ACTIVE_ARCH = YES;
				SDKROOT = iphoneos;
				SWIFT_OPTIMIZATION_LEVEL = "-Onone";
				SWIFT_VERSION = 5.0;
				TARGETED_DEVICE_FAMILY = "1,2";
				VERSIONING_SYSTEM = "apple-generic";
				VERSION_INFO_PREFIX = "";
			};
			name = Debug;
		};
		99B5ACAA1C66831C005CDA28 /* Release */ = {
			isa = XCBuildConfiguration;
			buildSettings = {
				ALWAYS_SEARCH_USER_PATHS = NO;
				CLANG_CXX_LANGUAGE_STANDARD = "gnu++0x";
				CLANG_CXX_LIBRARY = "libc++";
				CLANG_ENABLE_CODE_COVERAGE = NO;
				CLANG_ENABLE_MODULES = YES;
				CLANG_ENABLE_OBJC_ARC = YES;
				CLANG_WARN_BLOCK_CAPTURE_AUTORELEASING = YES;
				CLANG_WARN_BOOL_CONVERSION = YES;
				CLANG_WARN_COMMA = YES;
				CLANG_WARN_CONSTANT_CONVERSION = YES;
				CLANG_WARN_DEPRECATED_OBJC_IMPLEMENTATIONS = YES;
				CLANG_WARN_DIRECT_OBJC_ISA_USAGE = YES_ERROR;
				CLANG_WARN_EMPTY_BODY = YES;
				CLANG_WARN_ENUM_CONVERSION = YES;
				CLANG_WARN_INFINITE_RECURSION = YES;
				CLANG_WARN_INT_CONVERSION = YES;
				CLANG_WARN_NON_LITERAL_NULL_CONVERSION = YES;
				CLANG_WARN_OBJC_IMPLICIT_RETAIN_SELF = YES;
				CLANG_WARN_OBJC_LITERAL_CONVERSION = YES;
				CLANG_WARN_OBJC_ROOT_CLASS = YES_ERROR;
				CLANG_WARN_RANGE_LOOP_ANALYSIS = YES;
				CLANG_WARN_STRICT_PROTOTYPES = YES;
				CLANG_WARN_SUSPICIOUS_MOVE = YES;
				CLANG_WARN_UNREACHABLE_CODE = YES;
				CLANG_WARN__DUPLICATE_METHOD_MATCH = YES;
				"CODE_SIGN_IDENTITY[sdk=iphoneos*]" = "iPhone Developer";
				COPY_PHASE_STRIP = NO;
				CURRENT_PROJECT_VERSION = 1;
				DEBUG_INFORMATION_FORMAT = "dwarf-with-dsym";
				ENABLE_NS_ASSERTIONS = NO;
				ENABLE_STRICT_OBJC_MSGSEND = YES;
				GCC_C_LANGUAGE_STANDARD = gnu99;
				GCC_NO_COMMON_BLOCKS = YES;
				GCC_WARN_64_TO_32_BIT_CONVERSION = YES;
				GCC_WARN_ABOUT_RETURN_TYPE = YES_ERROR;
				GCC_WARN_UNDECLARED_SELECTOR = YES;
				GCC_WARN_UNINITIALIZED_AUTOS = YES_AGGRESSIVE;
				GCC_WARN_UNUSED_FUNCTION = YES;
				GCC_WARN_UNUSED_VARIABLE = YES;
				IPHONEOS_DEPLOYMENT_TARGET = 8.0;
				MTL_ENABLE_DEBUG_INFO = NO;
				SDKROOT = iphoneos;
				SWIFT_VERSION = 5.0;
				TARGETED_DEVICE_FAMILY = "1,2";
				VALIDATE_PRODUCT = YES;
				VERSIONING_SYSTEM = "apple-generic";
				VERSION_INFO_PREFIX = "";
			};
			name = Release;
		};
		99B5ACAC1C66831C005CDA28 /* Debug */ = {
			isa = XCBuildConfiguration;
			buildSettings = {
				CLANG_ENABLE_MODULES = YES;
				"CODE_SIGN_IDENTITY[sdk=iphoneos*]" = "";
				DEFINES_MODULE = YES;
				DYLIB_COMPATIBILITY_VERSION = 1;
				DYLIB_CURRENT_VERSION = 1;
				DYLIB_INSTALL_NAME_BASE = "@rpath";
				INFOPLIST_FILE = Source/Info.plist;
				INSTALL_PATH = "$(LOCAL_LIBRARY_DIR)/Frameworks";
				IPHONEOS_DEPLOYMENT_TARGET = 8.0;
				LD_RUNPATH_SEARCH_PATHS = "$(inherited) @executable_path/Frameworks @loader_path/Frameworks";
				PRODUCT_BUNDLE_IDENTIFIER = com.fresh.then;
				PRODUCT_NAME = "$(TARGET_NAME)";
				SKIP_INSTALL = YES;
				SWIFT_OPTIMIZATION_LEVEL = "-Onone";
				SWIFT_SWIFT3_OBJC_INFERENCE = Default;
				SWIFT_VERSION = 5.0;
			};
			name = Debug;
		};
		99B5ACAD1C66831C005CDA28 /* Release */ = {
			isa = XCBuildConfiguration;
			buildSettings = {
				CLANG_ENABLE_MODULES = YES;
				"CODE_SIGN_IDENTITY[sdk=iphoneos*]" = "";
				DEFINES_MODULE = YES;
				DYLIB_COMPATIBILITY_VERSION = 1;
				DYLIB_CURRENT_VERSION = 1;
				DYLIB_INSTALL_NAME_BASE = "@rpath";
				INFOPLIST_FILE = Source/Info.plist;
				INSTALL_PATH = "$(LOCAL_LIBRARY_DIR)/Frameworks";
				IPHONEOS_DEPLOYMENT_TARGET = 8.0;
				LD_RUNPATH_SEARCH_PATHS = "$(inherited) @executable_path/Frameworks @loader_path/Frameworks";
				PRODUCT_BUNDLE_IDENTIFIER = com.fresh.then;
				PRODUCT_NAME = "$(TARGET_NAME)";
				SKIP_INSTALL = YES;
				SWIFT_OPTIMIZATION_LEVEL = "-Owholemodule";
				SWIFT_SWIFT3_OBJC_INFERENCE = Default;
				SWIFT_VERSION = 5.0;
			};
			name = Release;
		};
		99B5ACAF1C66831C005CDA28 /* Debug */ = {
			isa = XCBuildConfiguration;
			buildSettings = {
				ALWAYS_EMBED_SWIFT_STANDARD_LIBRARIES = YES;
				INFOPLIST_FILE = thenTests/Info.plist;
				LD_RUNPATH_SEARCH_PATHS = "$(inherited) @executable_path/Frameworks @loader_path/Frameworks";
				PRODUCT_BUNDLE_IDENTIFIER = com.s4cha.then.thenTests;
				PRODUCT_NAME = "$(TARGET_NAME)";
				SWIFT_VERSION = 5.0;
			};
			name = Debug;
		};
		99B5ACB01C66831C005CDA28 /* Release */ = {
			isa = XCBuildConfiguration;
			buildSettings = {
				ALWAYS_EMBED_SWIFT_STANDARD_LIBRARIES = YES;
				INFOPLIST_FILE = thenTests/Info.plist;
				LD_RUNPATH_SEARCH_PATHS = "$(inherited) @executable_path/Frameworks @loader_path/Frameworks";
				PRODUCT_BUNDLE_IDENTIFIER = com.s4cha.then.thenTests;
				PRODUCT_NAME = "$(TARGET_NAME)";
				SWIFT_OPTIMIZATION_LEVEL = "-Owholemodule";
				SWIFT_VERSION = 5.0;
			};
			name = Release;
		};
		99FA7FB71D93C153002274B0 /* Debug */ = {
			isa = XCBuildConfiguration;
			buildSettings = {
				CLANG_ANALYZER_NONNULL = YES;
				CLANG_WARN_DOCUMENTATION_COMMENTS = YES;
				CLANG_WARN_SUSPICIOUS_MOVES = YES;
				CODE_SIGN_IDENTITY = "-";
				COMBINE_HIDPI_IMAGES = YES;
				DEFINES_MODULE = YES;
				DYLIB_COMPATIBILITY_VERSION = 1;
				DYLIB_CURRENT_VERSION = 1;
				DYLIB_INSTALL_NAME_BASE = "@rpath";
				FRAMEWORK_VERSION = A;
				INFOPLIST_FILE = thenMacOS/Info.plist;
				INSTALL_PATH = "$(LOCAL_LIBRARY_DIR)/Frameworks";
				LD_RUNPATH_SEARCH_PATHS = "$(inherited) @executable_path/../Frameworks @loader_path/Frameworks";
				MACOSX_DEPLOYMENT_TARGET = 10.10;
				PRODUCT_BUNDLE_IDENTIFIER = com.freshOS.then.thenMacOS;
				PRODUCT_NAME = then;
				SDKROOT = macosx;
				SKIP_INSTALL = YES;
				SWIFT_ACTIVE_COMPILATION_CONDITIONS = DEBUG;
				SWIFT_VERSION = 5.0;
			};
			name = Debug;
		};
		99FA7FB81D93C153002274B0 /* Release */ = {
			isa = XCBuildConfiguration;
			buildSettings = {
				CLANG_ANALYZER_NONNULL = YES;
				CLANG_WARN_DOCUMENTATION_COMMENTS = YES;
				CLANG_WARN_SUSPICIOUS_MOVES = YES;
				CODE_SIGN_IDENTITY = "-";
				COMBINE_HIDPI_IMAGES = YES;
				DEFINES_MODULE = YES;
				DYLIB_COMPATIBILITY_VERSION = 1;
				DYLIB_CURRENT_VERSION = 1;
				DYLIB_INSTALL_NAME_BASE = "@rpath";
				FRAMEWORK_VERSION = A;
				INFOPLIST_FILE = thenMacOS/Info.plist;
				INSTALL_PATH = "$(LOCAL_LIBRARY_DIR)/Frameworks";
				LD_RUNPATH_SEARCH_PATHS = "$(inherited) @executable_path/../Frameworks @loader_path/Frameworks";
				MACOSX_DEPLOYMENT_TARGET = 10.10;
				PRODUCT_BUNDLE_IDENTIFIER = com.freshOS.then.thenMacOS;
				PRODUCT_NAME = then;
				SDKROOT = macosx;
				SKIP_INSTALL = YES;
				SWIFT_OPTIMIZATION_LEVEL = "-Owholemodule";
				SWIFT_VERSION = 5.0;
			};
			name = Release;
		};
/* End XCBuildConfiguration section */

/* Begin XCConfigurationList section */
		17D4C4211F4703B1002EF805 /* Build configuration list for PBXNativeTarget "thenTvOS" */ = {
			isa = XCConfigurationList;
			buildConfigurations = (
				17D4C4221F4703B1002EF805 /* Debug */,
				17D4C4231F4703B1002EF805 /* Release */,
			);
			defaultConfigurationIsVisible = 0;
			defaultConfigurationName = Release;
		};
		99B5AC911C66831C005CDA28 /* Build configuration list for PBXProject "then" */ = {
			isa = XCConfigurationList;
			buildConfigurations = (
				99B5ACA91C66831C005CDA28 /* Debug */,
				99B5ACAA1C66831C005CDA28 /* Release */,
			);
			defaultConfigurationIsVisible = 0;
			defaultConfigurationName = Release;
		};
		99B5ACAB1C66831C005CDA28 /* Build configuration list for PBXNativeTarget "then" */ = {
			isa = XCConfigurationList;
			buildConfigurations = (
				99B5ACAC1C66831C005CDA28 /* Debug */,
				99B5ACAD1C66831C005CDA28 /* Release */,
			);
			defaultConfigurationIsVisible = 0;
			defaultConfigurationName = Release;
		};
		99B5ACAE1C66831C005CDA28 /* Build configuration list for PBXNativeTarget "thenTests" */ = {
			isa = XCConfigurationList;
			buildConfigurations = (
				99B5ACAF1C66831C005CDA28 /* Debug */,
				99B5ACB01C66831C005CDA28 /* Release */,
			);
			defaultConfigurationIsVisible = 0;
			defaultConfigurationName = Release;
		};
		99FA7FB91D93C153002274B0 /* Build configuration list for PBXNativeTarget "thenMacOS" */ = {
			isa = XCConfigurationList;
			buildConfigurations = (
				99FA7FB71D93C153002274B0 /* Debug */,
				99FA7FB81D93C153002274B0 /* Release */,
			);
			defaultConfigurationIsVisible = 0;
			defaultConfigurationName = Release;
		};
/* End XCConfigurationList section */
	};
	rootObject = 99B5AC8E1C66831C005CDA28 /* Project object */;
}
